
Microsoft Visual Studio Solution File, Format Version 12.00
# Visual Studio Version 17
VisualStudioVersion = 17.10.35122.118
MinimumVisualStudioVersion = 10.0.40219.1
Project("{8BC9CEB8-8B4A-11D0-8D11-00A0C91BC942}") = "Algorithms", "Algorithms.vcxproj", "{89927F56-BA5C-4B59-BDA8-0E18ABB699D1}"
EndProject
Global
	GlobalSection(SolutionConfigurationPlatforms) = preSolution
		Debug|x64 = Debug|x64
		Debug|x86 = Debug|x86
		Release|x64 = Release|x64
		Release|x86 = Release|x86
	EndGlobalSection
	GlobalSection(ProjectConfigurationPlatforms) = postSolution
		{89927F56-BA5C-4B59-BDA8-0E18ABB699D1}.Debug|x64.ActiveCfg = Debug|x64
		{89927F56-BA5C-4B59-BDA8-0E18ABB699D1}.Debug|x64.Build.0 = Debug|x64
		{89927F56-BA5C-4B59-BDA8-0E18ABB699D1}.Debug|x86.ActiveCfg = Debug|Win32
		{89927F56-BA5C-4B59-BDA8-0E18ABB699D1}.Debug|x86.Build.0 = Debug|Win32
		{89927F56-BA5C-4B59-BDA8-0E18ABB699D1}.Release|x64.ActiveCfg = Release|x64
		{89927F56-BA5C-4B59-BDA8-0E18ABB699D1}.Release|x64.Build.0 = Release|x64
		{89927F56-BA5C-4B59-BDA8-0E18ABB699D1}.Release|x86.ActiveCfg = Release|Win32
		{89927F56-BA5C-4B59-BDA8-0E18ABB699D1}.Release|x86.Build.0 = Release|Win32
	EndGlobalSection
	GlobalSection(SolutionProperties) = preSolution
		HideSolutionNode = FALSE
	EndGlobalSection
	GlobalSection(ExtensibilityGlobals) = postSolution
		SolutionGuid = {25D995F0-C1BA-46F9-AF0A-A815AC265A83}
	EndGlobalSection
EndGlobal
